
Microsoft Visual Studio Solution File, Format Version 12.00
# Visual Studio 14
VisualStudioVersion = 14.0.24720.0
MinimumVisualStudioVersion = 10.0.40219.1
Project("{FAE04EC0-301F-11D3-BF4B-00C04F79EFBC}") = "Opdracht1", "Opdracht1\Opdracht1.csproj", "{AD32998C-EBF8-47C9-ADF9-90588683D735}"
EndProject
Project("{FAE04EC0-301F-11D3-BF4B-00C04F79EFBC}") = "Opdracht3", "Opdracht3\Opdracht3.csproj", "{D058BA07-8D34-4644-B1DB-0B19F6A5A4DF}"
EndProject
Global
	GlobalSection(SolutionConfigurationPlatforms) = preSolution
		Debug|Any CPU = Debug|Any CPU
		Release|Any CPU = Release|Any CPU
	EndGlobalSection
	GlobalSection(ProjectConfigurationPlatforms) = postSolution
		{AD32998C-EBF8-47C9-ADF9-90588683D735}.Debug|Any CPU.ActiveCfg = Debug|Any CPU
		{AD32998C-EBF8-47C9-ADF9-90588683D735}.Debug|Any CPU.Build.0 = Debug|Any CPU
		{AD32998C-EBF8-47C9-ADF9-90588683D735}.Release|Any CPU.ActiveCfg = Release|Any CPU
		{AD32998C-EBF8-47C9-ADF9-90588683D735}.Release|Any CPU.Build.0 = Release|Any CPU
		{D058BA07-8D34-4644-B1DB-0B19F6A5A4DF}.Debug|Any CPU.ActiveCfg = Debug|Any CPU
		{D058BA07-8D34-4644-B1DB-0B19F6A5A4DF}.Debug|Any CPU.Build.0 = Debug|Any CPU
		{D058BA07-8D34-4644-B1DB-0B19F6A5A4DF}.Release|Any CPU.ActiveCfg = Release|Any CPU
		{D058BA07-8D34-4644-B1DB-0B19F6A5A4DF}.Release|Any CPU.Build.0 = Release|Any CPU
	EndGlobalSection
	GlobalSection(SolutionProperties) = preSolution
		HideSolutionNode = FALSE
	EndGlobalSection
EndGlobal
